
Microsoft Visual Studio Solution File, Format Version 12.00
# Visual Studio Version 17
VisualStudioVersion = 17.0.32112.339
MinimumVisualStudioVersion = 10.0.40219.1
Project("{FAE04EC0-301F-11D3-BF4B-00C04F79EFBC}") = "ConversorTemperaturas", "ConversorTemperaturas\ConversorTemperaturas.csproj", "{2035071F-D34D-4D99-8920-357E1A969A2F}"
EndProject
Global
	GlobalSection(SolutionConfigurationPlatforms) = preSolution
		Debug|Any CPU = Debug|Any CPU
		Release|Any CPU = Release|Any CPU
	EndGlobalSection
	GlobalSection(ProjectConfigurationPlatforms) = postSolution
		{2035071F-D34D-4D99-8920-357E1A969A2F}.Debug|Any CPU.ActiveCfg = Debug|Any CPU
		{2035071F-D34D-4D99-8920-357E1A969A2F}.Debug|Any CPU.Build.0 = Debug|Any CPU
		{2035071F-D34D-4D99-8920-357E1A969A2F}.Release|Any CPU.ActiveCfg = Release|Any CPU
		{2035071F-D34D-4D99-8920-357E1A969A2F}.Release|Any CPU.Build.0 = Release|Any CPU
	EndGlobalSection
	GlobalSection(SolutionProperties) = preSolution
		HideSolutionNode = FALSE
	EndGlobalSection
	GlobalSection(ExtensibilityGlobals) = postSolution
		SolutionGuid = {9E7B111C-4E88-4DB6-BACB-0E4D82C7694C}
	EndGlobalSection
EndGlobal
