
Microsoft Visual Studio Solution File, Format Version 12.00
# Visual Studio Version 17
VisualStudioVersion = 17.0.32112.339
MinimumVisualStudioVersion = 10.0.40219.1
Project("{FAE04EC0-301F-11D3-BF4B-00C04F79EFBC}") = "MetodoMain", "MetodoMain\MetodoMain.csproj", "{9980EA6C-CEE3-415F-B0FE-03C63DDDA2A6}"
EndProject
Global
	GlobalSection(SolutionConfigurationPlatforms) = preSolution
		Debug|Any CPU = Debug|Any CPU
		Release|Any CPU = Release|Any CPU
	EndGlobalSection
	GlobalSection(ProjectConfigurationPlatforms) = postSolution
		{9980EA6C-CEE3-415F-B0FE-03C63DDDA2A6}.Debug|Any CPU.ActiveCfg = Debug|Any CPU
		{9980EA6C-CEE3-415F-B0FE-03C63DDDA2A6}.Debug|Any CPU.Build.0 = Debug|Any CPU
		{9980EA6C-CEE3-415F-B0FE-03C63DDDA2A6}.Release|Any CPU.ActiveCfg = Release|Any CPU
		{9980EA6C-CEE3-415F-B0FE-03C63DDDA2A6}.Release|Any CPU.Build.0 = Release|Any CPU
	EndGlobalSection
	GlobalSection(SolutionProperties) = preSolution
		HideSolutionNode = FALSE
	EndGlobalSection
	GlobalSection(ExtensibilityGlobals) = postSolution
		SolutionGuid = {FAC51240-EBEB-4645-877F-780012B32151}
	EndGlobalSection
EndGlobal
