
Microsoft Visual Studio Solution File, Format Version 12.00
# Visual Studio Version 17
VisualStudioVersion = 17.0.32112.339
MinimumVisualStudioVersion = 10.0.40219.1
Project("{FAE04EC0-301F-11D3-BF4B-00C04F79EFBC}") = "9_Ciclos", "9_Ciclos\9_Ciclos.csproj", "{89B3BE14-3D39-4EBA-9089-5AE4F2CFB370}"
EndProject
Global
	GlobalSection(SolutionConfigurationPlatforms) = preSolution
		Debug|Any CPU = Debug|Any CPU
		Release|Any CPU = Release|Any CPU
	EndGlobalSection
	GlobalSection(ProjectConfigurationPlatforms) = postSolution
		{89B3BE14-3D39-4EBA-9089-5AE4F2CFB370}.Debug|Any CPU.ActiveCfg = Debug|Any CPU
		{89B3BE14-3D39-4EBA-9089-5AE4F2CFB370}.Debug|Any CPU.Build.0 = Debug|Any CPU
		{89B3BE14-3D39-4EBA-9089-5AE4F2CFB370}.Release|Any CPU.ActiveCfg = Release|Any CPU
		{89B3BE14-3D39-4EBA-9089-5AE4F2CFB370}.Release|Any CPU.Build.0 = Release|Any CPU
	EndGlobalSection
	GlobalSection(SolutionProperties) = preSolution
		HideSolutionNode = FALSE
	EndGlobalSection
	GlobalSection(ExtensibilityGlobals) = postSolution
		SolutionGuid = {1111730A-0C61-4274-AEC0-A0517809A2BD}
	EndGlobalSection
EndGlobal
