
Microsoft Visual Studio Solution File, Format Version 12.00
# Visual Studio Version 17
VisualStudioVersion = 17.0.32112.339
MinimumVisualStudioVersion = 10.0.40219.1
Project("{FAE04EC0-301F-11D3-BF4B-00C04F79EFBC}") = "SistemaCadastro", "SistemaCadastro\SistemaCadastro.csproj", "{106D0FAF-D7C1-4264-97DA-16F780203C13}"
EndProject
Global
	GlobalSection(SolutionConfigurationPlatforms) = preSolution
		Debug|Any CPU = Debug|Any CPU
		Release|Any CPU = Release|Any CPU
	EndGlobalSection
	GlobalSection(ProjectConfigurationPlatforms) = postSolution
		{106D0FAF-D7C1-4264-97DA-16F780203C13}.Debug|Any CPU.ActiveCfg = Debug|Any CPU
		{106D0FAF-D7C1-4264-97DA-16F780203C13}.Debug|Any CPU.Build.0 = Debug|Any CPU
		{106D0FAF-D7C1-4264-97DA-16F780203C13}.Release|Any CPU.ActiveCfg = Release|Any CPU
		{106D0FAF-D7C1-4264-97DA-16F780203C13}.Release|Any CPU.Build.0 = Release|Any CPU
	EndGlobalSection
	GlobalSection(SolutionProperties) = preSolution
		HideSolutionNode = FALSE
	EndGlobalSection
	GlobalSection(ExtensibilityGlobals) = postSolution
		SolutionGuid = {417E2A2F-633D-4DCC-B0EA-A7343820B54B}
	EndGlobalSection
EndGlobal
