
Microsoft Visual Studio Solution File, Format Version 12.00
# Visual Studio Version 17
VisualStudioVersion = 17.0.32112.339
MinimumVisualStudioVersion = 10.0.40219.1
Project("{FAE04EC0-301F-11D3-BF4B-00C04F79EFBC}") = "MediaGeralPOO", "MediaGeralPOO\MediaGeralPOO.csproj", "{60B41189-4812-468F-8C41-ECEC1751EB3F}"
EndProject
Global
	GlobalSection(SolutionConfigurationPlatforms) = preSolution
		Debug|Any CPU = Debug|Any CPU
		Release|Any CPU = Release|Any CPU
	EndGlobalSection
	GlobalSection(ProjectConfigurationPlatforms) = postSolution
		{60B41189-4812-468F-8C41-ECEC1751EB3F}.Debug|Any CPU.ActiveCfg = Debug|Any CPU
		{60B41189-4812-468F-8C41-ECEC1751EB3F}.Debug|Any CPU.Build.0 = Debug|Any CPU
		{60B41189-4812-468F-8C41-ECEC1751EB3F}.Release|Any CPU.ActiveCfg = Release|Any CPU
		{60B41189-4812-468F-8C41-ECEC1751EB3F}.Release|Any CPU.Build.0 = Release|Any CPU
	EndGlobalSection
	GlobalSection(SolutionProperties) = preSolution
		HideSolutionNode = FALSE
	EndGlobalSection
	GlobalSection(ExtensibilityGlobals) = postSolution
		SolutionGuid = {58A53F80-C59B-426A-A6FD-770826779AB7}
	EndGlobalSection
EndGlobal
